
Microsoft Visual Studio Solution File, Format Version 12.00
# Visual Studio Version 17
VisualStudioVersion = 17.7.34018.315
MinimumVisualStudioVersion = 10.0.40219.1
Project("{FAE04EC0-301F-11D3-BF4B-00C04F79EFBC}") = "Luna", "Luna\Luna.csproj", "{CF9416C6-C71E-4F2D-AC8A-1C6B81C27B60}"
EndProject
Global
	GlobalSection(SolutionConfigurationPlatforms) = preSolution
		Debug|Any CPU = Debug|Any CPU
		Release|Any CPU = Release|Any CPU
	EndGlobalSection
	GlobalSection(ProjectConfigurationPlatforms) = postSolution
		{CF9416C6-C71E-4F2D-AC8A-1C6B81C27B60}.Debug|Any CPU.ActiveCfg = Debug|Any CPU
		{CF9416C6-C71E-4F2D-AC8A-1C6B81C27B60}.Debug|Any CPU.Build.0 = Debug|Any CPU
		{CF9416C6-C71E-4F2D-AC8A-1C6B81C27B60}.Release|Any CPU.ActiveCfg = Release|Any CPU
		{CF9416C6-C71E-4F2D-AC8A-1C6B81C27B60}.Release|Any CPU.Build.0 = Release|Any CPU
	EndGlobalSection
	GlobalSection(SolutionProperties) = preSolution
		HideSolutionNode = FALSE
	EndGlobalSection
	GlobalSection(ExtensibilityGlobals) = postSolution
		SolutionGuid = {C1621BCB-2180-4793-9EF8-2C80C18FC789}
	EndGlobalSection
EndGlobal
